# This file is automatically @generated by Cargo.
# It is not intended for manual editing.
version = 4

[[package]]
name = "envparse"
version = "0.1.0"
source = "registry+https://github.com/rust-lang/crates.io-index"
checksum = "62c1a5f4ccdee846cab47afc8caf7404cf4c8980ea0754e4e9742bf982cd0195"

[[package]]
name = "tictac"
version = "0.1.0"
dependencies = [
 "envparse",
]
